// !$*UTF8*$!
{
	archiveVersion = 1;
	classes = {
	};
	objectVersion = 54;
	objects = {

/* Begin PBXBuildFile section */
		044B4D52D5A09F8CE19061B5 /* SavingsTracker.swift in Sources */ = {isa = PBXBuildFile; fileRef = C02EC7E39BA683F59964FBF1 /* SavingsTracker.swift */; };
		0507D6A1A7CF2994CDBF4380 /* GoalsView.swift in Sources */ = {isa = PBXBuildFile; fileRef = 7ADBA65B77DC058656A8175F /* GoalsView.swift */; };
		06F98CA57D01BE0DD0A50D5A /* NotificationPreferencesView.swift in Sources */ = {isa = PBXBuildFile; fileRef = 1D2FAEF1934CD559DD100F6E /* NotificationPreferencesView.swift */; };
		07EC0B6AE82E84D503AC5B95 /* TinkLink in Frameworks */ = {isa = PBXBuildFile; productRef = C5345707D1323B2DCFB8C863 /* TinkLink */; };
		0A14B4C2CCF45FAF767061DD /* SupportView.swift in Sources */ = {isa = PBXBuildFile; fileRef = 0E5C70183DAC45A895974F8B /* SupportView.swift */; };
		0ADF7AF5ED028444459503E6 /* AddGoalView.swift in Sources */ = {isa = PBXBuildFile; fileRef = 1FE7D506DDF954581223AC28 /* AddGoalView.swift */; };
		0B2A5CB3883FA6E319D936EE /* Goal.swift in Sources */ = {isa = PBXBuildFile; fileRef = 7597FBF5524678108D156225 /* Goal.swift */; };
		0EF80A2A2B309604F02352D9 /* AddSubscriptionView.swift in Sources */ = {isa = PBXBuildFile; fileRef = 9A58093DE5BC6E5337F3E483 /* AddSubscriptionView.swift */; };
		0F1C914AD538660FCA0DD33C /* ContentView.swift in Sources */ = {isa = PBXBuildFile; fileRef = 40B91DD39ECCF07C056C8B2E /* ContentView.swift */; };
		11521DE0F2C109EA4FD16D22 /* LocalizationKey.swift in Sources */ = {isa = PBXBuildFile; fileRef = 28C9D81285805D8D3F65BF2C /* LocalizationKey.swift */; };
		1183B682222577431237185C /* SubscriptionManagementView.swift in Sources */ = {isa = PBXBuildFile; fileRef = 84635CC4D2FCC4FCF770D56D /* SubscriptionManagementView.swift */; };
		139B0D11DE26995532C00388 /* LocalizationManager.swift in Sources */ = {isa = PBXBuildFile; fileRef = 208BCE2D446A5E7BC4F4223B /* LocalizationManager.swift */; };
		25185E4723C450DCB61DC12A /* PrivacyPolicyView.swift in Sources */ = {isa = PBXBuildFile; fileRef = FD812B75CC5AF09AC8528740 /* PrivacyPolicyView.swift */; };
		2B1F0F4D607E29F91FA3F282 /* ProfileView.swift in Sources */ = {isa = PBXBuildFile; fileRef = B6204C6837FB87A9AD3D74B9 /* ProfileView.swift */; };
		2E10055227E1991BE1B0A6EA /* FinancialHealthView.swift in Sources */ = {isa = PBXBuildFile; fileRef = A074A049EC3C8A3A627379F0 /* FinancialHealthView.swift */; };
		2FEE8339C49920C914152EC9 /* MainView.swift in Sources */ = {isa = PBXBuildFile; fileRef = C90AE804AFD0370958D71176 /* MainView.swift */; };
		30FF4BD58FF6248E68DF82FF /* OnboardingView.swift in Sources */ = {isa = PBXBuildFile; fileRef = BB9958D8DEC8F0FD8E5091A4 /* OnboardingView.swift */; };
		3197AD7B770126394DBF6262 /* AddSavingOpportunityView.swift in Sources */ = {isa = PBXBuildFile; fileRef = F5974741ED799DE66AF2FB8B /* AddSavingOpportunityView.swift */; };
		338E28418F24FC5FC7CE0A9F /* LanguageSelectionView.swift in Sources */ = {isa = PBXBuildFile; fileRef = E8B1C5A40BBC54142E818B53 /* LanguageSelectionView.swift */; };
		3705F95E4A93A4AEDC80EE52 /* DashboardTabView.swift in Sources */ = {isa = PBXBuildFile; fileRef = 5E5ECA68953F8394C78B1459 /* DashboardTabView.swift */; };
		3D28AB04BE3A532F9987029A /* AnalyticsView.swift in Sources */ = {isa = PBXBuildFile; fileRef = EEA1D82E38E9B272CBC9F73F /* AnalyticsView.swift */; };
		425B05420F66283D1BCC68D4 /* SpendingCategoryViewModel.swift in Sources */ = {isa = PBXBuildFile; fileRef = FC40121AE5A53225A09CAACE /* SpendingCategoryViewModel.swift */; };
		43D54AB7F6F37B2C3577B377 /* AddTransactionView.swift in Sources */ = {isa = PBXBuildFile; fileRef = BC9DD9FC305F3927DE142E02 /* AddTransactionView.swift */; };
		4476BA64C80CE1A895F7A3A3 /* PDFCreator.swift in Sources */ = {isa = PBXBuildFile; fileRef = 09F2A52E96C478F9A74B70F3 /* PDFCreator.swift */; };
		44F40EA9D8F447D87081AA56 /* OverviewView.swift in Sources */ = {isa = PBXBuildFile; fileRef = 712DBCFDC0BE5F76348ABB39 /* OverviewView.swift */; };
		4DEA24F831B16818C71A9B3C /* Subscription.swift in Sources */ = {isa = PBXBuildFile; fileRef = 5FFB9C985D11EB152E3EBBF5 /* Subscription.swift */; };
		52549804EF8B3944A4B87C6B /* TransactionsView.swift in Sources */ = {isa = PBXBuildFile; fileRef = C2B649FFA469C1D5DD5756E2 /* TransactionsView.swift */; };
		5A6EAA1833C3E3F1C6530F96 /* SettingsView.swift in Sources */ = {isa = PBXBuildFile; fileRef = 576BF99206161FCA527B9633 /* SettingsView.swift */; };
		5DDEC8FFCA162BB5A7AC4FDB /* Localizable.strings in Resources */ = {isa = PBXBuildFile; fileRef = B2D483511A26F0E31C70EB5E /* Localizable.strings */; };
		66DD9D3ED0DD5C3E78EB8980 /* AppView.swift in Sources */ = {isa = PBXBuildFile; fileRef = E241AF0D456607FC7ABB45F6 /* AppView.swift */; };
		781EE0939D35EA01CBCA1EBD /* FAQView.swift in Sources */ = {isa = PBXBuildFile; fileRef = 2D7CEB830EB828523AA5701D /* FAQView.swift */; };
		78E64D11C956F4BBA8F18B5D /* GoalSelectView.swift in Sources */ = {isa = PBXBuildFile; fileRef = AF206DDFBCE3B3F36F3DC47C /* GoalSelectView.swift */; };
		7D323B4FA0A82945B24C9B84 /* FinancialScoreDetailsView.swift in Sources */ = {isa = PBXBuildFile; fileRef = 0E6258118D0575E0A4287F1F /* FinancialScoreDetailsView.swift */; };
		7D6725BE79A00A7A1A27CC56 /* Double+Extensions.swift in Sources */ = {isa = PBXBuildFile; fileRef = 76540D0A475778CD3AFCE1A5 /* Double+Extensions.swift */; };
		82DBF4B2C1C3DF0211791AF2 /* Challenge.swift in Sources */ = {isa = PBXBuildFile; fileRef = CC978EA77C05DBBB0910D909 /* Challenge.swift */; };
		8A84DFB58F76ADE07F517DA7 /* Recommendation.swift in Sources */ = {isa = PBXBuildFile; fileRef = A6D24FDEE1F08771E79D815C /* Recommendation.swift */; };
		8C3B73D657A8C1AEE667D34E /* CurrencySettingsView.swift in Sources */ = {isa = PBXBuildFile; fileRef = 70660F460BD0377A8C809C0C /* CurrencySettingsView.swift */; };
		9951A2F100EC0DE02391176C /* LanguageSettingsView.swift in Sources */ = {isa = PBXBuildFile; fileRef = 5FAD6E203A770B2CFBF08D8A /* LanguageSettingsView.swift */; };
		9B4B1D13AAFDBBF8BAE244C3 /* PersistentScoreView.swift in Sources */ = {isa = PBXBuildFile; fileRef = 7D03886874C531B2F7A9291A /* PersistentScoreView.swift */; };
		9FE3EDA43960E2C53C8EEA64 /* FinancialHealthScore.swift in Sources */ = {isa = PBXBuildFile; fileRef = 9AC296105D628406C66BD53C /* FinancialHealthScore.swift */; };
		A210D1539E9ADC6ED5794EC0 /* SyncBankView.swift in Sources */ = {isa = PBXBuildFile; fileRef = C3CA39C0F53EEF1850616799 /* SyncBankView.swift */; };
		A3DA169ACEC9F3084EC63AD7 /* SubscriptionRow.swift in Sources */ = {isa = PBXBuildFile; fileRef = 6F3500F9B168D0ABA772AA36 /* SubscriptionRow.swift */; };
		A426A5DBFF0B206B5314FF8F /* OnboardingViewModel.swift in Sources */ = {isa = PBXBuildFile; fileRef = C6287E894F4B9794098D9FA8 /* OnboardingViewModel.swift */; };
		AC9117E94A87A5B404A1BDAB /* ContentViewModel.swift in Sources */ = {isa = PBXBuildFile; fileRef = 14E52B2AC4B3D576749B150F /* ContentViewModel.swift */; };
		AD1FF20E95F1BF629F5CF0B5 /* SubscriptionFormView.swift in Sources */ = {isa = PBXBuildFile; fileRef = 3CED2436D6546E4AB3D02304 /* SubscriptionFormView.swift */; };
		B50ADA5F5FC4AFDCFA9E6245 /* TransactionRow.swift in Sources */ = {isa = PBXBuildFile; fileRef = C35BB69058EB908E2EB75F7B /* TransactionRow.swift */; };
		B5C06535AA0784F018F338D4 /* AnimatedScoreView.swift in Sources */ = {isa = PBXBuildFile; fileRef = 0D879420B073853B47183B92 /* AnimatedScoreView.swift */; };
		B8B9F2D1185F914385D6FEFB /* FinancialCategory.swift in Sources */ = {isa = PBXBuildFile; fileRef = F6C2BF406C671DAC185667CE /* FinancialCategory.swift */; };
		B9B8197C873632E55331198A /* SplashView.swift in Sources */ = {isa = PBXBuildFile; fileRef = 1D2A6AB393D045F39F3237E7 /* SplashView.swift */; };
		BA5D2923851B70394FEEF02C /* SavingOpportunity.swift in Sources */ = {isa = PBXBuildFile; fileRef = F95E10E90A0983A35B4AD501 /* SavingOpportunity.swift */; };
		BD3BAF677A02546D8A13007B /* GoalRow.swift in Sources */ = {isa = PBXBuildFile; fileRef = E8E10EF651248AB949A4D3CF /* GoalRow.swift */; };
		BED5D638974F44E827296643 /* TinkConfiguration.swift in Sources */ = {isa = PBXBuildFile; fileRef = 41D8EE14145268A86CB3012C /* TinkConfiguration.swift */; };
		BF0E4AB871BF62968D8A1FD4 /* BudgetPrediction.swift in Sources */ = {isa = PBXBuildFile; fileRef = 1D768ADEFBF23A36403A3D26 /* BudgetPrediction.swift */; };
		C548A2BF0EAB441D0A372947 /* PrivacySettingsView.swift in Sources */ = {isa = PBXBuildFile; fileRef = 0A2C0DB790D859BDA3C51F5C /* PrivacySettingsView.swift */; };
		C6BC23408C11B00EF23ECE66 /* ProfileViewModel.swift in Sources */ = {isa = PBXBuildFile; fileRef = 00D476474ACA7E934D0A1331 /* ProfileViewModel.swift */; };
		C94082A74E805CADD4FF8BD4 /* HomeView.swift in Sources */ = {isa = PBXBuildFile; fileRef = 5F1909AA5855FF4FFFAC4C2D /* HomeView.swift */; };
		CC7A427CB8A8597271B3F242 /* SpendingCategory.swift in Sources */ = {isa = PBXBuildFile; fileRef = F031C54D7EAFD2F6B48DAFA7 /* SpendingCategory.swift */; };
		CE4181ECDC699694A46AC351 /* FinGripApp.swift in Sources */ = {isa = PBXBuildFile; fileRef = 63C63B7C4DE3E853545E2305 /* FinGripApp.swift */; };
		D93E45596BD041EE4F02B4CD /* Transaction.swift in Sources */ = {isa = PBXBuildFile; fileRef = 0E3670B0F56917CEEC7B54C7 /* Transaction.swift */; };
		DCE37CC9AEF760EE2E42A5E8 /* TermsView.swift in Sources */ = {isa = PBXBuildFile; fileRef = 57B826E0042A9126216D78B7 /* TermsView.swift */; };
		E19B412C60B3FFB6666E865E /* SavingsView.swift in Sources */ = {isa = PBXBuildFile; fileRef = 9FBA5163597803E5EF60BFAC /* SavingsView.swift */; };
		E30FAE181697E2366C390414 /* EditSubscriptionView.swift in Sources */ = {isa = PBXBuildFile; fileRef = 7F8731AF8C1D6628874D6D45 /* EditSubscriptionView.swift */; };
		E613E65375E18D82B8356F57 /* AccountDetailsView.swift in Sources */ = {isa = PBXBuildFile; fileRef = 8FA2C74FD1309C0F7C22FF99 /* AccountDetailsView.swift */; };
		ED677570CB1060E6BE3A9DFA /* SubscriptionListView.swift in Sources */ = {isa = PBXBuildFile; fileRef = 05BFFDCD669D3D34E1C82198 /* SubscriptionListView.swift */; };
		F3CBC8D5F7E406A893C0A146 /* BankConnectionView.swift in Sources */ = {isa = PBXBuildFile; fileRef = 0EA8D35D1FCF7263464A6E27 /* BankConnectionView.swift */; };
		F3FE69F005F59171A6257854 /* WelcomeView.swift in Sources */ = {isa = PBXBuildFile; fileRef = DDB621FFA8168ADFAC2563B6 /* WelcomeView.swift */; };
		F58AD8412E5E79C080B3B471 /* TinkService.swift in Sources */ = {isa = PBXBuildFile; fileRef = 6049A170572DEFC56460ED19 /* TinkService.swift */; };
		FAAB228169ED2A0A859E44DD /* SubscriptionDetailView.swift in Sources */ = {isa = PBXBuildFile; fileRef = 4A1ABB8D403DB0A89C2CA9D1 /* SubscriptionDetailView.swift */; };
		FE3B4BA24708AD61275EDD22 /* QuickWinView.swift in Sources */ = {isa = PBXBuildFile; fileRef = 7DC5CB7B17FACDE7A7FADC4C /* QuickWinView.swift */; };
/* End PBXBuildFile section */

/* Begin PBXFileReference section */
		00D476474ACA7E934D0A1331 /* ProfileViewModel.swift */ = {isa = PBXFileReference; lastKnownFileType = sourcecode.swift; path = ProfileViewModel.swift; sourceTree = "<group>"; };
		05BFFDCD669D3D34E1C82198 /* SubscriptionListView.swift */ = {isa = PBXFileReference; lastKnownFileType = sourcecode.swift; path = SubscriptionListView.swift; sourceTree = "<group>"; };
		09F2A52E96C478F9A74B70F3 /* PDFCreator.swift */ = {isa = PBXFileReference; lastKnownFileType = sourcecode.swift; path = PDFCreator.swift; sourceTree = "<group>"; };
		0A2C0DB790D859BDA3C51F5C /* PrivacySettingsView.swift */ = {isa = PBXFileReference; lastKnownFileType = sourcecode.swift; path = PrivacySettingsView.swift; sourceTree = "<group>"; };
		0D879420B073853B47183B92 /* AnimatedScoreView.swift */ = {isa = PBXFileReference; lastKnownFileType = sourcecode.swift; path = AnimatedScoreView.swift; sourceTree = "<group>"; };
		0E3670B0F56917CEEC7B54C7 /* Transaction.swift */ = {isa = PBXFileReference; lastKnownFileType = sourcecode.swift; path = Transaction.swift; sourceTree = "<group>"; };
		0E5C70183DAC45A895974F8B /* SupportView.swift */ = {isa = PBXFileReference; lastKnownFileType = sourcecode.swift; path = SupportView.swift; sourceTree = "<group>"; };
		0E6258118D0575E0A4287F1F /* FinancialScoreDetailsView.swift */ = {isa = PBXFileReference; lastKnownFileType = sourcecode.swift; path = FinancialScoreDetailsView.swift; sourceTree = "<group>"; };
		0EA8D35D1FCF7263464A6E27 /* BankConnectionView.swift */ = {isa = PBXFileReference; lastKnownFileType = sourcecode.swift; path = BankConnectionView.swift; sourceTree = "<group>"; };
		14E52B2AC4B3D576749B150F /* ContentViewModel.swift */ = {isa = PBXFileReference; lastKnownFileType = sourcecode.swift; path = ContentViewModel.swift; sourceTree = "<group>"; };
		1D2A6AB393D045F39F3237E7 /* SplashView.swift */ = {isa = PBXFileReference; lastKnownFileType = sourcecode.swift; path = SplashView.swift; sourceTree = "<group>"; };
		1D2FAEF1934CD559DD100F6E /* NotificationPreferencesView.swift */ = {isa = PBXFileReference; lastKnownFileType = sourcecode.swift; path = NotificationPreferencesView.swift; sourceTree = "<group>"; };
		1D768ADEFBF23A36403A3D26 /* BudgetPrediction.swift */ = {isa = PBXFileReference; lastKnownFileType = sourcecode.swift; path = BudgetPrediction.swift; sourceTree = "<group>"; };
		1FE7D506DDF954581223AC28 /* AddGoalView.swift */ = {isa = PBXFileReference; lastKnownFileType = sourcecode.swift; path = AddGoalView.swift; sourceTree = "<group>"; };
		208BCE2D446A5E7BC4F4223B /* LocalizationManager.swift */ = {isa = PBXFileReference; lastKnownFileType = sourcecode.swift; path = LocalizationManager.swift; sourceTree = "<group>"; };
		28C9D81285805D8D3F65BF2C /* LocalizationKey.swift */ = {isa = PBXFileReference; lastKnownFileType = sourcecode.swift; path = LocalizationKey.swift; sourceTree = "<group>"; };
		2D7CEB830EB828523AA5701D /* FAQView.swift */ = {isa = PBXFileReference; lastKnownFileType = sourcecode.swift; path = FAQView.swift; sourceTree = "<group>"; };
		3CED2436D6546E4AB3D02304 /* SubscriptionFormView.swift */ = {isa = PBXFileReference; lastKnownFileType = sourcecode.swift; path = SubscriptionFormView.swift; sourceTree = "<group>"; };
		40B91DD39ECCF07C056C8B2E /* ContentView.swift */ = {isa = PBXFileReference; lastKnownFileType = sourcecode.swift; path = ContentView.swift; sourceTree = "<group>"; };
		41D8EE14145268A86CB3012C /* TinkConfiguration.swift */ = {isa = PBXFileReference; lastKnownFileType = sourcecode.swift; path = TinkConfiguration.swift; sourceTree = "<group>"; };
		4A1ABB8D403DB0A89C2CA9D1 /* SubscriptionDetailView.swift */ = {isa = PBXFileReference; lastKnownFileType = sourcecode.swift; path = SubscriptionDetailView.swift; sourceTree = "<group>"; };
		576BF99206161FCA527B9633 /* SettingsView.swift */ = {isa = PBXFileReference; lastKnownFileType = sourcecode.swift; path = SettingsView.swift; sourceTree = "<group>"; };
		57B826E0042A9126216D78B7 /* TermsView.swift */ = {isa = PBXFileReference; lastKnownFileType = sourcecode.swift; path = TermsView.swift; sourceTree = "<group>"; };
		5E5ECA68953F8394C78B1459 /* DashboardTabView.swift */ = {isa = PBXFileReference; lastKnownFileType = sourcecode.swift; path = DashboardTabView.swift; sourceTree = "<group>"; };
		5F1909AA5855FF4FFFAC4C2D /* HomeView.swift */ = {isa = PBXFileReference; lastKnownFileType = sourcecode.swift; path = HomeView.swift; sourceTree = "<group>"; };
		5FAD6E203A770B2CFBF08D8A /* LanguageSettingsView.swift */ = {isa = PBXFileReference; lastKnownFileType = sourcecode.swift; path = LanguageSettingsView.swift; sourceTree = "<group>"; };
		5FFB9C985D11EB152E3EBBF5 /* Subscription.swift */ = {isa = PBXFileReference; lastKnownFileType = sourcecode.swift; path = Subscription.swift; sourceTree = "<group>"; };
		6049A170572DEFC56460ED19 /* TinkService.swift */ = {isa = PBXFileReference; lastKnownFileType = sourcecode.swift; path = TinkService.swift; sourceTree = "<group>"; };
		63C63B7C4DE3E853545E2305 /* FinGripApp.swift */ = {isa = PBXFileReference; lastKnownFileType = sourcecode.swift; path = FinGripApp.swift; sourceTree = "<group>"; };
		6F3500F9B168D0ABA772AA36 /* SubscriptionRow.swift */ = {isa = PBXFileReference; lastKnownFileType = sourcecode.swift; path = SubscriptionRow.swift; sourceTree = "<group>"; };
		70660F460BD0377A8C809C0C /* CurrencySettingsView.swift */ = {isa = PBXFileReference; lastKnownFileType = sourcecode.swift; path = CurrencySettingsView.swift; sourceTree = "<group>"; };
		712DBCFDC0BE5F76348ABB39 /* OverviewView.swift */ = {isa = PBXFileReference; lastKnownFileType = sourcecode.swift; path = OverviewView.swift; sourceTree = "<group>"; };
		7597FBF5524678108D156225 /* Goal.swift */ = {isa = PBXFileReference; lastKnownFileType = sourcecode.swift; path = Goal.swift; sourceTree = "<group>"; };
		76540D0A475778CD3AFCE1A5 /* Double+Extensions.swift */ = {isa = PBXFileReference; lastKnownFileType = sourcecode.swift; path = "Double+Extensions.swift"; sourceTree = "<group>"; };
		7ADBA65B77DC058656A8175F /* GoalsView.swift */ = {isa = PBXFileReference; lastKnownFileType = sourcecode.swift; path = GoalsView.swift; sourceTree = "<group>"; };
		7C7EAB79C428C960BC042260 /* pl */ = {isa = PBXFileReference; lastKnownFileType = text.plist.strings; name = pl; path = pl.lproj/Localizable.strings; sourceTree = "<group>"; };
		7D03886874C531B2F7A9291A /* PersistentScoreView.swift */ = {isa = PBXFileReference; lastKnownFileType = sourcecode.swift; path = PersistentScoreView.swift; sourceTree = "<group>"; };
		7DC5CB7B17FACDE7A7FADC4C /* QuickWinView.swift */ = {isa = PBXFileReference; lastKnownFileType = sourcecode.swift; path = QuickWinView.swift; sourceTree = "<group>"; };
		7F8731AF8C1D6628874D6D45 /* EditSubscriptionView.swift */ = {isa = PBXFileReference; lastKnownFileType = sourcecode.swift; path = EditSubscriptionView.swift; sourceTree = "<group>"; };
		84635CC4D2FCC4FCF770D56D /* SubscriptionManagementView.swift */ = {isa = PBXFileReference; lastKnownFileType = sourcecode.swift; path = SubscriptionManagementView.swift; sourceTree = "<group>"; };
		8D5607D3F34DE7B338230C7F /* Base */ = {isa = PBXFileReference; lastKnownFileType = text.plist.strings; name = Base; path = Base.lproj/Localizable.strings; sourceTree = "<group>"; };
		8FA2C74FD1309C0F7C22FF99 /* AccountDetailsView.swift */ = {isa = PBXFileReference; lastKnownFileType = sourcecode.swift; path = AccountDetailsView.swift; sourceTree = "<group>"; };
		98704A20D7D517E270E3073D /* FinGrip.app */ = {isa = PBXFileReference; includeInIndex = 0; lastKnownFileType = wrapper.application; path = FinGrip.app; sourceTree = BUILT_PRODUCTS_DIR; };
		9A58093DE5BC6E5337F3E483 /* AddSubscriptionView.swift */ = {isa = PBXFileReference; lastKnownFileType = sourcecode.swift; path = AddSubscriptionView.swift; sourceTree = "<group>"; };
		9AC296105D628406C66BD53C /* FinancialHealthScore.swift */ = {isa = PBXFileReference; lastKnownFileType = sourcecode.swift; path = FinancialHealthScore.swift; sourceTree = "<group>"; };
		9FBA5163597803E5EF60BFAC /* SavingsView.swift */ = {isa = PBXFileReference; lastKnownFileType = sourcecode.swift; path = SavingsView.swift; sourceTree = "<group>"; };
		A074A049EC3C8A3A627379F0 /* FinancialHealthView.swift */ = {isa = PBXFileReference; lastKnownFileType = sourcecode.swift; path = FinancialHealthView.swift; sourceTree = "<group>"; };
		A6D24FDEE1F08771E79D815C /* Recommendation.swift */ = {isa = PBXFileReference; lastKnownFileType = sourcecode.swift; path = Recommendation.swift; sourceTree = "<group>"; };
		AF206DDFBCE3B3F36F3DC47C /* GoalSelectView.swift */ = {isa = PBXFileReference; lastKnownFileType = sourcecode.swift; path = GoalSelectView.swift; sourceTree = "<group>"; };
		B6204C6837FB87A9AD3D74B9 /* ProfileView.swift */ = {isa = PBXFileReference; lastKnownFileType = sourcecode.swift; path = ProfileView.swift; sourceTree = "<group>"; };
		BB9958D8DEC8F0FD8E5091A4 /* OnboardingView.swift */ = {isa = PBXFileReference; lastKnownFileType = sourcecode.swift; path = OnboardingView.swift; sourceTree = "<group>"; };
		BC9DD9FC305F3927DE142E02 /* AddTransactionView.swift */ = {isa = PBXFileReference; lastKnownFileType = sourcecode.swift; path = AddTransactionView.swift; sourceTree = "<group>"; };
		C02EC7E39BA683F59964FBF1 /* SavingsTracker.swift */ = {isa = PBXFileReference; lastKnownFileType = sourcecode.swift; path = SavingsTracker.swift; sourceTree = "<group>"; };
		C2B649FFA469C1D5DD5756E2 /* TransactionsView.swift */ = {isa = PBXFileReference; lastKnownFileType = sourcecode.swift; path = TransactionsView.swift; sourceTree = "<group>"; };
		C35BB69058EB908E2EB75F7B /* TransactionRow.swift */ = {isa = PBXFileReference; lastKnownFileType = sourcecode.swift; path = TransactionRow.swift; sourceTree = "<group>"; };
		C3CA39C0F53EEF1850616799 /* SyncBankView.swift */ = {isa = PBXFileReference; lastKnownFileType = sourcecode.swift; path = SyncBankView.swift; sourceTree = "<group>"; };
		C6287E894F4B9794098D9FA8 /* OnboardingViewModel.swift */ = {isa = PBXFileReference; lastKnownFileType = sourcecode.swift; path = OnboardingViewModel.swift; sourceTree = "<group>"; };
		C90AE804AFD0370958D71176 /* MainView.swift */ = {isa = PBXFileReference; lastKnownFileType = sourcecode.swift; path = MainView.swift; sourceTree = "<group>"; };
		CC978EA77C05DBBB0910D909 /* Challenge.swift */ = {isa = PBXFileReference; lastKnownFileType = sourcecode.swift; path = Challenge.swift; sourceTree = "<group>"; };
		DDA825451E3E5D18DE2D5CD7 /* en */ = {isa = PBXFileReference; lastKnownFileType = text.plist.strings; name = en; path = en.lproj/Localizable.strings; sourceTree = "<group>"; };
		DDB621FFA8168ADFAC2563B6 /* WelcomeView.swift */ = {isa = PBXFileReference; lastKnownFileType = sourcecode.swift; path = WelcomeView.swift; sourceTree = "<group>"; };
		E241AF0D456607FC7ABB45F6 /* AppView.swift */ = {isa = PBXFileReference; lastKnownFileType = sourcecode.swift; path = AppView.swift; sourceTree = "<group>"; };
		E8B1C5A40BBC54142E818B53 /* LanguageSelectionView.swift */ = {isa = PBXFileReference; lastKnownFileType = sourcecode.swift; path = LanguageSelectionView.swift; sourceTree = "<group>"; };
		E8E10EF651248AB949A4D3CF /* GoalRow.swift */ = {isa = PBXFileReference; lastKnownFileType = sourcecode.swift; path = GoalRow.swift; sourceTree = "<group>"; };
		EEA1D82E38E9B272CBC9F73F /* AnalyticsView.swift */ = {isa = PBXFileReference; lastKnownFileType = sourcecode.swift; path = AnalyticsView.swift; sourceTree = "<group>"; };
		F031C54D7EAFD2F6B48DAFA7 /* SpendingCategory.swift */ = {isa = PBXFileReference; lastKnownFileType = sourcecode.swift; path = SpendingCategory.swift; sourceTree = "<group>"; };
		F5974741ED799DE66AF2FB8B /* AddSavingOpportunityView.swift */ = {isa = PBXFileReference; lastKnownFileType = sourcecode.swift; path = AddSavingOpportunityView.swift; sourceTree = "<group>"; };
		F6C2BF406C671DAC185667CE /* FinancialCategory.swift */ = {isa = PBXFileReference; lastKnownFileType = sourcecode.swift; path = FinancialCategory.swift; sourceTree = "<group>"; };
		F95E10E90A0983A35B4AD501 /* SavingOpportunity.swift */ = {isa = PBXFileReference; lastKnownFileType = sourcecode.swift; path = SavingOpportunity.swift; sourceTree = "<group>"; };
		FC40121AE5A53225A09CAACE /* SpendingCategoryViewModel.swift */ = {isa = PBXFileReference; lastKnownFileType = sourcecode.swift; path = SpendingCategoryViewModel.swift; sourceTree = "<group>"; };
		FD812B75CC5AF09AC8528740 /* PrivacyPolicyView.swift */ = {isa = PBXFileReference; lastKnownFileType = sourcecode.swift; path = PrivacyPolicyView.swift; sourceTree = "<group>"; };
/* End PBXFileReference section */

/* Begin PBXFrameworksBuildPhase section */
		638826012B4C5B37706EF733 /* Frameworks */ = {
			isa = PBXFrameworksBuildPhase;
			buildActionMask = 2147483647;
			files = (
				07EC0B6AE82E84D503AC5B95 /* TinkLink in Frameworks */,
			);
			runOnlyForDeploymentPostprocessing = 0;
		};
/* End PBXFrameworksBuildPhase section */

/* Begin PBXGroup section */
		00768D782B6571617D715F7E /* Managers */ = {
			isa = PBXGroup;
			children = (
				208BCE2D446A5E7BC4F4223B /* LocalizationManager.swift */,
			);
			path = Managers;
			sourceTree = "<group>";
		};
		086D71843D726D30699826E9 /* Utilities */ = {
			isa = PBXGroup;
			children = (
				28C9D81285805D8D3F65BF2C /* LocalizationKey.swift */,
			);
			path = Utilities;
			sourceTree = "<group>";
		};
		580092A073085FC7C5E3B5B9 = {
			isa = PBXGroup;
			children = (
				99CA3A8AC32EED4E9A05915F /* FinGrip */,
				80635BF4B575C5669AA2F2BC /* Products */,
			);
			sourceTree = "<group>";
		};
		5AD1A7E45FB0938BE226DE11 /* Services */ = {
			isa = PBXGroup;
			children = (
				6049A170572DEFC56460ED19 /* TinkService.swift */,
			);
			path = Services;
			sourceTree = "<group>";
		};
		5AE00979E952B0FFD63B6A0C /* Views */ = {
			isa = PBXGroup;
			children = (
				1FE7D506DDF954581223AC28 /* AddGoalView.swift */,
				9A58093DE5BC6E5337F3E483 /* AddSubscriptionView.swift */,
				BC9DD9FC305F3927DE142E02 /* AddTransactionView.swift */,
				EEA1D82E38E9B272CBC9F73F /* AnalyticsView.swift */,
				E241AF0D456607FC7ABB45F6 /* AppView.swift */,
				0EA8D35D1FCF7263464A6E27 /* BankConnectionView.swift */,
				40B91DD39ECCF07C056C8B2E /* ContentView.swift */,
				5E5ECA68953F8394C78B1459 /* DashboardTabView.swift */,
				A074A049EC3C8A3A627379F0 /* FinancialHealthView.swift */,
				E8E10EF651248AB949A4D3CF /* GoalRow.swift */,
				AF206DDFBCE3B3F36F3DC47C /* GoalSelectView.swift */,
				7ADBA65B77DC058656A8175F /* GoalsView.swift */,
				5F1909AA5855FF4FFFAC4C2D /* HomeView.swift */,
				E8B1C5A40BBC54142E818B53 /* LanguageSelectionView.swift */,
				C90AE804AFD0370958D71176 /* MainView.swift */,
				BB9958D8DEC8F0FD8E5091A4 /* OnboardingView.swift */,
				712DBCFDC0BE5F76348ABB39 /* OverviewView.swift */,
				B6204C6837FB87A9AD3D74B9 /* ProfileView.swift */,
				7DC5CB7B17FACDE7A7FADC4C /* QuickWinView.swift */,
				9FBA5163597803E5EF60BFAC /* SavingsView.swift */,
				576BF99206161FCA527B9633 /* SettingsView.swift */,
				1D2A6AB393D045F39F3237E7 /* SplashView.swift */,
				84635CC4D2FCC4FCF770D56D /* SubscriptionManagementView.swift */,
				C3CA39C0F53EEF1850616799 /* SyncBankView.swift */,
				C35BB69058EB908E2EB75F7B /* TransactionRow.swift */,
				C2B649FFA469C1D5DD5756E2 /* TransactionsView.swift */,
				DDB621FFA8168ADFAC2563B6 /* WelcomeView.swift */,
				842D5864A0FC9A27731A425A /* Components */,
			);
			path = Views;
			sourceTree = "<group>";
		};
		69F84F246BA23D192D9971C8 /* Models */ = {
			isa = PBXGroup;
			children = (
				1D768ADEFBF23A36403A3D26 /* BudgetPrediction.swift */,
				CC978EA77C05DBBB0910D909 /* Challenge.swift */,
				F6C2BF406C671DAC185667CE /* FinancialCategory.swift */,
				9AC296105D628406C66BD53C /* FinancialHealthScore.swift */,
				7597FBF5524678108D156225 /* Goal.swift */,
				A6D24FDEE1F08771E79D815C /* Recommendation.swift */,
				F95E10E90A0983A35B4AD501 /* SavingOpportunity.swift */,
				C02EC7E39BA683F59964FBF1 /* SavingsTracker.swift */,
				F031C54D7EAFD2F6B48DAFA7 /* SpendingCategory.swift */,
				5FFB9C985D11EB152E3EBBF5 /* Subscription.swift */,
				41D8EE14145268A86CB3012C /* TinkConfiguration.swift */,
				0E3670B0F56917CEEC7B54C7 /* Transaction.swift */,
			);
			path = Models;
			sourceTree = "<group>";
		};
		78015B15D83FFADFAE4B1C2D /* Resources */ = {
			isa = PBXGroup;
			children = (
				B2D483511A26F0E31C70EB5E /* Localizable.strings */,
			);
			path = Resources;
			sourceTree = "<group>";
		};
		80635BF4B575C5669AA2F2BC /* Products */ = {
			isa = PBXGroup;
			children = (
				98704A20D7D517E270E3073D /* FinGrip.app */,
			);
			name = Products;
			sourceTree = "<group>";
		};
		838F8DEB66258C16872C44B1 /* Utils */ = {
			isa = PBXGroup;
			children = (
				09F2A52E96C478F9A74B70F3 /* PDFCreator.swift */,
			);
			path = Utils;
			sourceTree = "<group>";
		};
		842D5864A0FC9A27731A425A /* Components */ = {
			isa = PBXGroup;
			children = (
				8FA2C74FD1309C0F7C22FF99 /* AccountDetailsView.swift */,
				F5974741ED799DE66AF2FB8B /* AddSavingOpportunityView.swift */,
				0D879420B073853B47183B92 /* AnimatedScoreView.swift */,
				70660F460BD0377A8C809C0C /* CurrencySettingsView.swift */,
				7F8731AF8C1D6628874D6D45 /* EditSubscriptionView.swift */,
				2D7CEB830EB828523AA5701D /* FAQView.swift */,
				0E6258118D0575E0A4287F1F /* FinancialScoreDetailsView.swift */,
				5FAD6E203A770B2CFBF08D8A /* LanguageSettingsView.swift */,
				1D2FAEF1934CD559DD100F6E /* NotificationPreferencesView.swift */,
				7D03886874C531B2F7A9291A /* PersistentScoreView.swift */,
				FD812B75CC5AF09AC8528740 /* PrivacyPolicyView.swift */,
				0A2C0DB790D859BDA3C51F5C /* PrivacySettingsView.swift */,
				4A1ABB8D403DB0A89C2CA9D1 /* SubscriptionDetailView.swift */,
				3CED2436D6546E4AB3D02304 /* SubscriptionFormView.swift */,
				05BFFDCD669D3D34E1C82198 /* SubscriptionListView.swift */,
				6F3500F9B168D0ABA772AA36 /* SubscriptionRow.swift */,
				0E5C70183DAC45A895974F8B /* SupportView.swift */,
				57B826E0042A9126216D78B7 /* TermsView.swift */,
			);
			path = Components;
			sourceTree = "<group>";
		};
		98A362A7E720957639C053A7 /* Extensions */ = {
			isa = PBXGroup;
			children = (
				76540D0A475778CD3AFCE1A5 /* Double+Extensions.swift */,
			);
			path = Extensions;
			sourceTree = "<group>";
		};
		99CA3A8AC32EED4E9A05915F /* FinGrip */ = {
			isa = PBXGroup;
			children = (
				63C63B7C4DE3E853545E2305 /* FinGripApp.swift */,
				98A362A7E720957639C053A7 /* Extensions */,
				00768D782B6571617D715F7E /* Managers */,
				69F84F246BA23D192D9971C8 /* Models */,
				78015B15D83FFADFAE4B1C2D /* Resources */,
				5AD1A7E45FB0938BE226DE11 /* Services */,
				086D71843D726D30699826E9 /* Utilities */,
				838F8DEB66258C16872C44B1 /* Utils */,
				D3EEA7564A2AD8F33F4470DD /* ViewModels */,
				5AE00979E952B0FFD63B6A0C /* Views */,
			);
			path = FinGrip;
			sourceTree = "<group>";
		};
		D3EEA7564A2AD8F33F4470DD /* ViewModels */ = {
			isa = PBXGroup;
			children = (
				14E52B2AC4B3D576749B150F /* ContentViewModel.swift */,
				C6287E894F4B9794098D9FA8 /* OnboardingViewModel.swift */,
				00D476474ACA7E934D0A1331 /* ProfileViewModel.swift */,
				FC40121AE5A53225A09CAACE /* SpendingCategoryViewModel.swift */,
			);
			path = ViewModels;
			sourceTree = "<group>";
		};
/* End PBXGroup section */

/* Begin PBXNativeTarget section */
		391474A3B0FC665114735EE0 /* FinGrip */ = {
			isa = PBXNativeTarget;
			buildConfigurationList = 84406FB5FCB97E9A20F66F97 /* Build configuration list for PBXNativeTarget "FinGrip" */;
			buildPhases = (
				57E37EA41AB21C8046EE04A2 /* Sources */,
				9D9391EDA8D1C775E512C3DC /* Resources */,
				638826012B4C5B37706EF733 /* Frameworks */,
			);
			buildRules = (
			);
			dependencies = (
			);
			name = FinGrip;
			packageProductDependencies = (
				C5345707D1323B2DCFB8C863 /* TinkLink */,
			);
			productName = FinGrip;
			productReference = 98704A20D7D517E270E3073D /* FinGrip.app */;
			productType = "com.apple.product-type.application";
		};
/* End PBXNativeTarget section */

/* Begin PBXProject section */
		6EA796A93B6D3C9F2ACAA410 /* Project object */ = {
			isa = PBXProject;
			attributes = {
				BuildIndependentTargetsInParallel = YES;
				LastUpgradeCheck = 1430;
				TargetAttributes = {
					391474A3B0FC665114735EE0 = {
						DevelopmentTeam = 24W42TW64G;
						ProvisioningStyle = Automatic;
					};
				};
			};
			buildConfigurationList = AF24BBD775F8C29E2D4B8FA4 /* Build configuration list for PBXProject "FinGrip" */;
			compatibilityVersion = "Xcode 14.0";
			developmentRegion = en;
			hasScannedForEncodings = 0;
			knownRegions = (
				Base,
				en,
				pl,
			);
			mainGroup = 580092A073085FC7C5E3B5B9;
			minimizedProjectReferenceProxies = 1;
			packageReferences = (
				D3E0DBC0A71F97B623B3C079 /* XCRemoteSwiftPackageReference "tink-link-ios" */,
			);
			preferredProjectObjectVersion = 54;
			projectDirPath = "";
			projectRoot = "";
			targets = (
				391474A3B0FC665114735EE0 /* FinGrip */,
			);
		};
/* End PBXProject section */

/* Begin PBXResourcesBuildPhase section */
		9D9391EDA8D1C775E512C3DC /* Resources */ = {
			isa = PBXResourcesBuildPhase;
			buildActionMask = 2147483647;
			files = (
				5DDEC8FFCA162BB5A7AC4FDB /* Localizable.strings in Resources */,
			);
			runOnlyForDeploymentPostprocessing = 0;
		};
/* End PBXResourcesBuildPhase section */

/* Begin PBXSourcesBuildPhase section */
		57E37EA41AB21C8046EE04A2 /* Sources */ = {
			isa = PBXSourcesBuildPhase;
			buildActionMask = 2147483647;
			files = (
				E613E65375E18D82B8356F57 /* AccountDetailsView.swift in Sources */,
				0ADF7AF5ED028444459503E6 /* AddGoalView.swift in Sources */,
				3197AD7B770126394DBF6262 /* AddSavingOpportunityView.swift in Sources */,
				0EF80A2A2B309604F02352D9 /* AddSubscriptionView.swift in Sources */,
				43D54AB7F6F37B2C3577B377 /* AddTransactionView.swift in Sources */,
				3D28AB04BE3A532F9987029A /* AnalyticsView.swift in Sources */,
				B5C06535AA0784F018F338D4 /* AnimatedScoreView.swift in Sources */,
				66DD9D3ED0DD5C3E78EB8980 /* AppView.swift in Sources */,
				F3CBC8D5F7E406A893C0A146 /* BankConnectionView.swift in Sources */,
				BF0E4AB871BF62968D8A1FD4 /* BudgetPrediction.swift in Sources */,
				82DBF4B2C1C3DF0211791AF2 /* Challenge.swift in Sources */,
				0F1C914AD538660FCA0DD33C /* ContentView.swift in Sources */,
				AC9117E94A87A5B404A1BDAB /* ContentViewModel.swift in Sources */,
				8C3B73D657A8C1AEE667D34E /* CurrencySettingsView.swift in Sources */,
				3705F95E4A93A4AEDC80EE52 /* DashboardTabView.swift in Sources */,
				7D6725BE79A00A7A1A27CC56 /* Double+Extensions.swift in Sources */,
				E30FAE181697E2366C390414 /* EditSubscriptionView.swift in Sources */,
				781EE0939D35EA01CBCA1EBD /* FAQView.swift in Sources */,
				CE4181ECDC699694A46AC351 /* FinGripApp.swift in Sources */,
				B8B9F2D1185F914385D6FEFB /* FinancialCategory.swift in Sources */,
				9FE3EDA43960E2C53C8EEA64 /* FinancialHealthScore.swift in Sources */,
				2E10055227E1991BE1B0A6EA /* FinancialHealthView.swift in Sources */,
				7D323B4FA0A82945B24C9B84 /* FinancialScoreDetailsView.swift in Sources */,
				0B2A5CB3883FA6E319D936EE /* Goal.swift in Sources */,
				BD3BAF677A02546D8A13007B /* GoalRow.swift in Sources */,
				78E64D11C956F4BBA8F18B5D /* GoalSelectView.swift in Sources */,
				0507D6A1A7CF2994CDBF4380 /* GoalsView.swift in Sources */,
				C94082A74E805CADD4FF8BD4 /* HomeView.swift in Sources */,
				338E28418F24FC5FC7CE0A9F /* LanguageSelectionView.swift in Sources */,
				9951A2F100EC0DE02391176C /* LanguageSettingsView.swift in Sources */,
				11521DE0F2C109EA4FD16D22 /* LocalizationKey.swift in Sources */,
				139B0D11DE26995532C00388 /* LocalizationManager.swift in Sources */,
				2FEE8339C49920C914152EC9 /* MainView.swift in Sources */,
				06F98CA57D01BE0DD0A50D5A /* NotificationPreferencesView.swift in Sources */,
				30FF4BD58FF6248E68DF82FF /* OnboardingView.swift in Sources */,
				A426A5DBFF0B206B5314FF8F /* OnboardingViewModel.swift in Sources */,
				44F40EA9D8F447D87081AA56 /* OverviewView.swift in Sources */,
				4476BA64C80CE1A895F7A3A3 /* PDFCreator.swift in Sources */,
				9B4B1D13AAFDBBF8BAE244C3 /* PersistentScoreView.swift in Sources */,
				25185E4723C450DCB61DC12A /* PrivacyPolicyView.swift in Sources */,
				C548A2BF0EAB441D0A372947 /* PrivacySettingsView.swift in Sources */,
				2B1F0F4D607E29F91FA3F282 /* ProfileView.swift in Sources */,
				C6BC23408C11B00EF23ECE66 /* ProfileViewModel.swift in Sources */,
				FE3B4BA24708AD61275EDD22 /* QuickWinView.swift in Sources */,
				8A84DFB58F76ADE07F517DA7 /* Recommendation.swift in Sources */,
				BA5D2923851B70394FEEF02C /* SavingOpportunity.swift in Sources */,
				044B4D52D5A09F8CE19061B5 /* SavingsTracker.swift in Sources */,
				E19B412C60B3FFB6666E865E /* SavingsView.swift in Sources */,
				5A6EAA1833C3E3F1C6530F96 /* SettingsView.swift in Sources */,
				CC7A427CB8A8597271B3F242 /* SpendingCategory.swift in Sources */,
				425B05420F66283D1BCC68D4 /* SpendingCategoryViewModel.swift in Sources */,
				B9B8197C873632E55331198A /* SplashView.swift in Sources */,
				4DEA24F831B16818C71A9B3C /* Subscription.swift in Sources */,
				FAAB228169ED2A0A859E44DD /* SubscriptionDetailView.swift in Sources */,
				AD1FF20E95F1BF629F5CF0B5 /* SubscriptionFormView.swift in Sources */,
				ED677570CB1060E6BE3A9DFA /* SubscriptionListView.swift in Sources */,
				1183B682222577431237185C /* SubscriptionManagementView.swift in Sources */,
				A3DA169ACEC9F3084EC63AD7 /* SubscriptionRow.swift in Sources */,
				0A14B4C2CCF45FAF767061DD /* SupportView.swift in Sources */,
				A210D1539E9ADC6ED5794EC0 /* SyncBankView.swift in Sources */,
				DCE37CC9AEF760EE2E42A5E8 /* TermsView.swift in Sources */,
				BED5D638974F44E827296643 /* TinkConfiguration.swift in Sources */,
				F58AD8412E5E79C080B3B471 /* TinkService.swift in Sources */,
				D93E45596BD041EE4F02B4CD /* Transaction.swift in Sources */,
				B50ADA5F5FC4AFDCFA9E6245 /* TransactionRow.swift in Sources */,
				52549804EF8B3944A4B87C6B /* TransactionsView.swift in Sources */,
				F3FE69F005F59171A6257854 /* WelcomeView.swift in Sources */,
			);
			runOnlyForDeploymentPostprocessing = 0;
		};
/* End PBXSourcesBuildPhase section */

/* Begin PBXVariantGroup section */
		B2D483511A26F0E31C70EB5E /* Localizable.strings */ = {
			isa = PBXVariantGroup;
			children = (
				8D5607D3F34DE7B338230C7F /* Base */,
				DDA825451E3E5D18DE2D5CD7 /* en */,
				7C7EAB79C428C960BC042260 /* pl */,
			);
			name = Localizable.strings;
			sourceTree = "<group>";
		};
/* End PBXVariantGroup section */

/* Begin XCBuildConfiguration section */
		0A9917EA75531C1AC9747502 /* Release */ = {
			isa = XCBuildConfiguration;
			buildSettings = {
				ALWAYS_EMBED_SWIFT_STANDARD_LIBRARIES = YES;
				ASSETCATALOG_COMPILER_APPICON_NAME = AppIcon;
				CLANG_ANALYZER_LOCALIZABILITY_NONLOCALIZED = YES;
				CODE_SIGNING_ALLOWED = YES;
				CODE_SIGNING_REQUIRED = YES;
				CODE_SIGN_IDENTITY = "Apple Development";
				"CODE_SIGN_IDENTITY[sdk=iphoneos*]" = "Apple Development";
				CODE_SIGN_STYLE = Automatic;
				DEVELOPMENT_ASSET_PATHS = (
					"FinGrip/Preview Content",
				);
				DEVELOPMENT_TEAM = 24W42TW64G;
				EMBEDDED_CONTENT_CONTAINS_SWIFT = YES;
				ENABLE_BITCODE = NO;
				ENABLE_TESTABILITY = YES;
				INFOPLIST_FILE = FinGrip/Info.plist;
				IPHONEOS_DEPLOYMENT_TARGET = 17.0;
				LD_RUNPATH_SEARCH_PATHS = (
					"$(inherited)",
					"@executable_path/Frameworks",
				);
				PRODUCT_BUNDLE_IDENTIFIER = com.fingrip.app;
				PROVISIONING_PROFILE_SPECIFIER = "";
				SDKROOT = iphoneos;
				SWIFT_VERSION = 5.0;
				TARGETED_DEVICE_FAMILY = "1,2";
			};
			name = Release;
		};
		34704A4F9C9F933FBEA73DC5 /* Debug */ = {
			isa = XCBuildConfiguration;
			buildSettings = {
				ALWAYS_EMBED_SWIFT_STANDARD_LIBRARIES = YES;
				ASSETCATALOG_COMPILER_APPICON_NAME = AppIcon;
				CLANG_ANALYZER_LOCALIZABILITY_NONLOCALIZED = YES;
				CODE_SIGNING_ALLOWED = YES;
				CODE_SIGNING_REQUIRED = YES;
				CODE_SIGN_IDENTITY = "Apple Development";
				"CODE_SIGN_IDENTITY[sdk=iphoneos*]" = "Apple Development";
				CODE_SIGN_STYLE = Automatic;
				DEVELOPMENT_ASSET_PATHS = (
					"FinGrip/Preview Content",
				);
				DEVELOPMENT_TEAM = 24W42TW64G;
				EMBEDDED_CONTENT_CONTAINS_SWIFT = YES;
				ENABLE_BITCODE = NO;
				ENABLE_TESTABILITY = YES;
				INFOPLIST_FILE = FinGrip/Info.plist;
				IPHONEOS_DEPLOYMENT_TARGET = 17.0;
				LD_RUNPATH_SEARCH_PATHS = (
					"$(inherited)",
					"@executable_path/Frameworks",
				);
				PRODUCT_BUNDLE_IDENTIFIER = com.fingrip.app;
				PROVISIONING_PROFILE_SPECIFIER = "";
				SDKROOT = iphoneos;
				SWIFT_VERSION = 5.0;
				TARGETED_DEVICE_FAMILY = "1,2";
			};
			name = Debug;
		};
		7A8225A3841E68EAF5611C83 /* Debug */ = {
			isa = XCBuildConfiguration;
			buildSettings = {
				ALWAYS_SEARCH_USER_PATHS = NO;
				CLANG_ANALYZER_NONNULL = YES;
				CLANG_ANALYZER_NUMBER_OBJECT_CONVERSION = YES_AGGRESSIVE;
				CLANG_CXX_LANGUAGE_STANDARD = "gnu++14";
				CLANG_CXX_LIBRARY = "libc++";
				CLANG_ENABLE_MODULES = YES;
				CLANG_ENABLE_OBJC_ARC = YES;
				CLANG_ENABLE_OBJC_WEAK = YES;
				CLANG_WARN_BLOCK_CAPTURE_AUTORELEASING = YES;
				CLANG_WARN_BOOL_CONVERSION = YES;
				CLANG_WARN_COMMA = YES;
				CLANG_WARN_CONSTANT_CONVERSION = YES;
				CLANG_WARN_DEPRECATED_OBJC_IMPLEMENTATIONS = YES;
				CLANG_WARN_DIRECT_OBJC_ISA_USAGE = YES_ERROR;
				CLANG_WARN_DOCUMENTATION_COMMENTS = YES;
				CLANG_WARN_EMPTY_BODY = YES;
				CLANG_WARN_ENUM_CONVERSION = YES;
				CLANG_WARN_INFINITE_RECURSION = YES;
				CLANG_WARN_INT_CONVERSION = YES;
				CLANG_WARN_NON_LITERAL_NULL_CONVERSION = YES;
				CLANG_WARN_OBJC_IMPLICIT_RETAIN_SELF = YES;
				CLANG_WARN_OBJC_LITERAL_CONVERSION = YES;
				CLANG_WARN_OBJC_ROOT_CLASS = YES_ERROR;
				CLANG_WARN_QUOTED_INCLUDE_IN_FRAMEWORK_HEADER = YES;
				CLANG_WARN_RANGE_LOOP_ANALYSIS = YES;
				CLANG_WARN_STRICT_PROTOTYPES = YES;
				CLANG_WARN_SUSPICIOUS_MOVE = YES;
				CLANG_WARN_UNGUARDED_AVAILABILITY = YES_AGGRESSIVE;
				CLANG_WARN_UNREACHABLE_CODE = YES;
				CLANG_WARN__DUPLICATE_METHOD_MATCH = YES;
				COPY_PHASE_STRIP = NO;
				DEBUG_INFORMATION_FORMAT = dwarf;
				ENABLE_STRICT_OBJC_MSGSEND = YES;
				ENABLE_TESTABILITY = YES;
				GCC_C_LANGUAGE_STANDARD = gnu11;
				GCC_DYNAMIC_NO_PIC = NO;
				GCC_NO_COMMON_BLOCKS = YES;
				GCC_OPTIMIZATION_LEVEL = 0;
				GCC_PREPROCESSOR_DEFINITIONS = (
					"$(inherited)",
					"DEBUG=1",
				);
				GCC_WARN_64_TO_32_BIT_CONVERSION = YES;
				GCC_WARN_ABOUT_RETURN_TYPE = YES_ERROR;
				GCC_WARN_UNDECLARED_SELECTOR = YES;
				GCC_WARN_UNINITIALIZED_AUTOS = YES_AGGRESSIVE;
				GCC_WARN_UNUSED_FUNCTION = YES;
				GCC_WARN_UNUSED_VARIABLE = YES;
				IPHONEOS_DEPLOYMENT_TARGET = 17.0;
				MTL_ENABLE_DEBUG_INFO = INCLUDE_SOURCE;
				MTL_FAST_MATH = YES;
				ONLY_ACTIVE_ARCH = YES;
				PRODUCT_NAME = "$(TARGET_NAME)";
				SDKROOT = iphoneos;
				SWIFT_ACTIVE_COMPILATION_CONDITIONS = DEBUG;
				SWIFT_OPTIMIZATION_LEVEL = "-Onone";
				SWIFT_VERSION = 5.0;
			};
			name = Debug;
		};
		E88A6CF9BFC5C5F317F33168 /* Release */ = {
			isa = XCBuildConfiguration;
			buildSettings = {
				ALWAYS_SEARCH_USER_PATHS = NO;
				CLANG_ANALYZER_NONNULL = YES;
				CLANG_ANALYZER_NUMBER_OBJECT_CONVERSION = YES_AGGRESSIVE;
				CLANG_CXX_LANGUAGE_STANDARD = "gnu++14";
				CLANG_CXX_LIBRARY = "libc++";
				CLANG_ENABLE_MODULES = YES;
				CLANG_ENABLE_OBJC_ARC = YES;
				CLANG_ENABLE_OBJC_WEAK = YES;
				CLANG_WARN_BLOCK_CAPTURE_AUTORELEASING = YES;
				CLANG_WARN_BOOL_CONVERSION = YES;
				CLANG_WARN_COMMA = YES;
				CLANG_WARN_CONSTANT_CONVERSION = YES;
				CLANG_WARN_DEPRECATED_OBJC_IMPLEMENTATIONS = YES;
				CLANG_WARN_DIRECT_OBJC_ISA_USAGE = YES_ERROR;
				CLANG_WARN_DOCUMENTATION_COMMENTS = YES;
				CLANG_WARN_EMPTY_BODY = YES;
				CLANG_WARN_ENUM_CONVERSION = YES;
				CLANG_WARN_INFINITE_RECURSION = YES;
				CLANG_WARN_INT_CONVERSION = YES;
				CLANG_WARN_NON_LITERAL_NULL_CONVERSION = YES;
				CLANG_WARN_OBJC_IMPLICIT_RETAIN_SELF = YES;
				CLANG_WARN_OBJC_LITERAL_CONVERSION = YES;
				CLANG_WARN_OBJC_ROOT_CLASS = YES_ERROR;
				CLANG_WARN_QUOTED_INCLUDE_IN_FRAMEWORK_HEADER = YES;
				CLANG_WARN_RANGE_LOOP_ANALYSIS = YES;
				CLANG_WARN_STRICT_PROTOTYPES = YES;
				CLANG_WARN_SUSPICIOUS_MOVE = YES;
				CLANG_WARN_UNGUARDED_AVAILABILITY = YES_AGGRESSIVE;
				CLANG_WARN_UNREACHABLE_CODE = YES;
				CLANG_WARN__DUPLICATE_METHOD_MATCH = YES;
				COPY_PHASE_STRIP = NO;
				DEBUG_INFORMATION_FORMAT = "dwarf-with-dsym";
				ENABLE_NS_ASSERTIONS = NO;
				ENABLE_STRICT_OBJC_MSGSEND = YES;
				GCC_C_LANGUAGE_STANDARD = gnu11;
				GCC_NO_COMMON_BLOCKS = YES;
				GCC_WARN_64_TO_32_BIT_CONVERSION = YES;
				GCC_WARN_ABOUT_RETURN_TYPE = YES_ERROR;
				GCC_WARN_UNDECLARED_SELECTOR = YES;
				GCC_WARN_UNINITIALIZED_AUTOS = YES_AGGRESSIVE;
				GCC_WARN_UNUSED_FUNCTION = YES;
				GCC_WARN_UNUSED_VARIABLE = YES;
				IPHONEOS_DEPLOYMENT_TARGET = 17.0;
				MTL_ENABLE_DEBUG_INFO = NO;
				MTL_FAST_MATH = YES;
				PRODUCT_NAME = "$(TARGET_NAME)";
				SDKROOT = iphoneos;
				SWIFT_COMPILATION_MODE = wholemodule;
				SWIFT_OPTIMIZATION_LEVEL = "-O";
				SWIFT_VERSION = 5.0;
			};
			name = Release;
		};
/* End XCBuildConfiguration section */

/* Begin XCConfigurationList section */
		84406FB5FCB97E9A20F66F97 /* Build configuration list for PBXNativeTarget "FinGrip" */ = {
			isa = XCConfigurationList;
			buildConfigurations = (
				34704A4F9C9F933FBEA73DC5 /* Debug */,
				0A9917EA75531C1AC9747502 /* Release */,
			);
			defaultConfigurationIsVisible = 0;
			defaultConfigurationName = Debug;
		};
		AF24BBD775F8C29E2D4B8FA4 /* Build configuration list for PBXProject "FinGrip" */ = {
			isa = XCConfigurationList;
			buildConfigurations = (
				7A8225A3841E68EAF5611C83 /* Debug */,
				E88A6CF9BFC5C5F317F33168 /* Release */,
			);
			defaultConfigurationIsVisible = 0;
			defaultConfigurationName = Debug;
		};
/* End XCConfigurationList section */

/* Begin XCRemoteSwiftPackageReference section */
		D3E0DBC0A71F97B623B3C079 /* XCRemoteSwiftPackageReference "tink-link-ios" */ = {
			isa = XCRemoteSwiftPackageReference;
			repositoryURL = "https://github.com/tink-ab/tink-link-ios.git";
			requirement = {
				kind = exactVersion;
				version = 4.0.0;
			};
		};
/* End XCRemoteSwiftPackageReference section */

/* Begin XCSwiftPackageProductDependency section */
		C5345707D1323B2DCFB8C863 /* TinkLink */ = {
			isa = XCSwiftPackageProductDependency;
			package = D3E0DBC0A71F97B623B3C079 /* XCRemoteSwiftPackageReference "tink-link-ios" */;
			productName = TinkLink;
		};
/* End XCSwiftPackageProductDependency section */
	};
	rootObject = 6EA796A93B6D3C9F2ACAA410 /* Project object */;
}
